{
  "version": 4,
  "terraform_version": "1.10.5",
  "serial": 6,
  "lineage": "9292d756-65ff-90a6-54f1-02f7bfb86622",
  "outputs": {},
  "resources": [
    {
      "mode": "managed",
      "type": "azurerm_linux_web_app",
      "name": "webapp",
      "provider": "provider[\"registry.terraform.io/hashicorp/azurerm\"]",
      "instances": [
        {
          "schema_version": 1,
          "attributes": {
            "app_settings": null,
            "auth_settings": [],
            "auth_settings_v2": [],
            "backup": [],
            "client_affinity_enabled": false,
            "client_certificate_enabled": false,
            "client_certificate_exclusion_paths": "",
            "client_certificate_mode": "Required",
            "connection_string": [],
            "custom_domain_verification_id": "4C722642158F5C35DD95336A396E5E7DDAE8940E1805821CEABA0056BCA26C00",
            "default_hostname": "upt-awa-175.azurewebsites.net",
            "enabled": true,
            "ftp_publish_basic_authentication_enabled": true,
            "hosting_environment_id": "",
            "https_only": false,
            "id": "/subscriptions/c2074452-81ca-4301-8207-5d85afd2faf6/resourceGroups/upt-arg-175/providers/Microsoft.Web/sites/upt-awa-175",
            "identity": [],
            "key_vault_reference_identity_id": "SystemAssigned",
            "kind": "app,linux,container",
            "location": "eastus",
            "logs": [],
            "name": "upt-awa-175",
            "outbound_ip_address_list": [
              "52.142.26.215",
              "52.142.27.40",
              "52.142.27.215",
              "52.142.28.226",
              "52.142.30.154",
              "52.142.30.242",
              "52.151.230.26",
              "52.151.230.239",
              "52.151.231.82",
              "52.188.73.50",
              "52.188.74.93",
              "52.188.77.81",
              "20.119.0.38"
            ],
            "outbound_ip_addresses": "52.142.26.215,52.142.27.40,52.142.27.215,52.142.28.226,52.142.30.154,52.142.30.242,52.151.230.26,52.151.230.239,52.151.231.82,52.188.73.50,52.188.74.93,52.188.77.81,20.119.0.38",
            "possible_outbound_ip_address_list": [
              "52.142.26.215",
              "52.142.27.40",
              "52.142.27.215",
              "52.142.28.226",
              "52.142.30.154",
              "52.142.30.242",
              "52.151.230.26",
              "52.151.230.239",
              "52.151.231.82",
              "52.188.73.50",
              "52.188.74.93",
              "52.188.77.81",
              "20.185.72.218",
              "20.185.73.140",
              "20.185.74.17",
              "20.185.74.102",
              "20.185.74.210",
              "20.185.75.34",
              "20.185.75.166",
              "20.185.77.61",
              "20.185.77.177",
              "20.185.77.219",
              "20.185.78.148",
              "52.142.26.91",
              "52.147.217.130",
              "52.151.225.25",
              "52.147.218.136",
              "52.147.219.53",
              "52.149.232.133",
              "52.149.233.62",
              "20.119.0.38"
            ],
            "possible_outbound_ip_addresses": "52.142.26.215,52.142.27.40,52.142.27.215,52.142.28.226,52.142.30.154,52.142.30.242,52.151.230.26,52.151.230.239,52.151.231.82,52.188.73.50,52.188.74.93,52.188.77.81,20.185.72.218,20.185.73.140,20.185.74.17,20.185.74.102,20.185.74.210,20.185.75.34,20.185.75.166,20.185.77.61,20.185.77.177,20.185.77.219,20.185.78.148,52.142.26.91,52.147.217.130,52.151.225.25,52.147.218.136,52.147.219.53,52.149.232.133,52.149.233.62,20.119.0.38",
            "public_network_access_enabled": true,
            "resource_group_name": "upt-arg-175",
            "service_plan_id": "/subscriptions/c2074452-81ca-4301-8207-5d85afd2faf6/resourceGroups/upt-arg-175/providers/Microsoft.Web/serverFarms/upt-asp-175",
            "site_config": [
              {
                "always_on": false,
                "api_definition_url": "",
                "api_management_api_id": "",
                "app_command_line": "",
                "application_stack": [
                  {
                    "docker_image_name": "patrickcuadros/shorten:latest",
                    "docker_registry_password": "",
                    "docker_registry_url": "https://index.docker.io",
                    "docker_registry_username": "",
                    "dotnet_version": "",
                    "go_version": "",
                    "java_server": "",
                    "java_server_version": "",
                    "java_version": "",
                    "node_version": "",
                    "php_version": "",
                    "python_version": "",
                    "ruby_version": ""
                  }
                ],
                "auto_heal_setting": [],
                "container_registry_managed_identity_client_id": "",
                "container_registry_use_managed_identity": false,
                "cors": [],
                "default_documents": [
                  "Default.htm",
                  "Default.html",
                  "Default.asp",
                  "index.htm",
                  "index.html",
                  "iisstart.htm",
                  "default.aspx",
                  "index.php",
                  "hostingstart.html"
                ],
                "detailed_error_logging_enabled": false,
                "ftps_state": "Disabled",
                "health_check_eviction_time_in_min": 0,
                "health_check_path": "",
                "http2_enabled": false,
                "ip_restriction": [],
                "ip_restriction_default_action": "Allow",
                "linux_fx_version": "DOCKER|index.docker.io/patrickcuadros/shorten:latest",
                "load_balancing_mode": "LeastRequests",
                "local_mysql_enabled": false,
                "managed_pipeline_mode": "Integrated",
                "minimum_tls_version": "1.2",
                "remote_debugging_enabled": false,
                "remote_debugging_version": "VS2022",
                "scm_ip_restriction": [],
                "scm_ip_restriction_default_action": "Allow",
                "scm_minimum_tls_version": "1.2",
                "scm_type": "None",
                "scm_use_main_ip_restriction": false,
                "use_32_bit_worker": true,
                "vnet_route_all_enabled": false,
                "websockets_enabled": false,
                "worker_count": 1
              }
            ],
            "site_credential": [
              {
                "name": "$upt-awa-175",
                "password": "krucl1gSvFchYqvZrgepl78mXhbZZH6e1qRh63ZWhC5XrRKbEwfzbLWBJHT3"
              }
            ],
            "sticky_settings": [],
            "storage_account": [],
            "tags": null,
            "timeouts": null,
            "virtual_network_subnet_id": "",
            "webdeploy_publish_basic_authentication_enabled": true,
            "zip_deploy_file": ""
          },
          "sensitive_attributes": [
            [
              {
                "type": "get_attr",
                "value": "site_config"
              },
              {
                "type": "index",
                "value": {
                  "value": 0,
                  "type": "number"
                }
              },
              {
                "type": "get_attr",
                "value": "application_stack"
              },
              {
                "type": "index",
                "value": {
                  "value": 0,
                  "type": "number"
                }
              },
              {
                "type": "get_attr",
                "value": "docker_registry_password"
              }
            ],
            [
              {
                "type": "get_attr",
                "value": "custom_domain_verification_id"
              }
            ],
            [
              {
                "type": "get_attr",
                "value": "site_credential"
              }
            ]
          ],
          "private": "eyJlMmJmYjczMC1lY2FhLTExZTYtOGY4OC0zNDM2M2JjN2M0YzAiOnsiY3JlYXRlIjoxODAwMDAwMDAwMDAwLCJkZWxldGUiOjE4MDAwMDAwMDAwMDAsInJlYWQiOjMwMDAwMDAwMDAwMCwidXBkYXRlIjoxODAwMDAwMDAwMDAwfSwic2NoZW1hX3ZlcnNpb24iOiIxIn0=",
          "dependencies": [
            "azurerm_resource_group.rg",
            "azurerm_service_plan.appserviceplan",
            "random_integer.ri"
          ]
        }
      ]
    },
    {
      "mode": "managed",
      "type": "azurerm_resource_group",
      "name": "rg",
      "provider": "provider[\"registry.terraform.io/hashicorp/azurerm\"]",
      "instances": [
        {
          "schema_version": 0,
          "attributes": {
            "id": "/subscriptions/c2074452-81ca-4301-8207-5d85afd2faf6/resourceGroups/upt-arg-175",
            "location": "eastus",
            "managed_by": "",
            "name": "upt-arg-175",
            "tags": null,
            "timeouts": null
          },
          "sensitive_attributes": [],
          "private": "eyJlMmJmYjczMC1lY2FhLTExZTYtOGY4OC0zNDM2M2JjN2M0YzAiOnsiY3JlYXRlIjo1NDAwMDAwMDAwMDAwLCJkZWxldGUiOjU0MDAwMDAwMDAwMDAsInJlYWQiOjMwMDAwMDAwMDAwMCwidXBkYXRlIjo1NDAwMDAwMDAwMDAwfX0=",
          "dependencies": [
            "random_integer.ri"
          ]
        }
      ]
    },
    {
      "mode": "managed",
      "type": "azurerm_service_plan",
      "name": "appserviceplan",
      "provider": "provider[\"registry.terraform.io/hashicorp/azurerm\"]",
      "instances": [
        {
          "schema_version": 1,
          "attributes": {
            "app_service_environment_id": "",
            "id": "/subscriptions/c2074452-81ca-4301-8207-5d85afd2faf6/resourceGroups/upt-arg-175/providers/Microsoft.Web/serverFarms/upt-asp-175",
            "kind": "linux",
            "location": "eastus",
            "maximum_elastic_worker_count": 1,
            "name": "upt-asp-175",
            "os_type": "Linux",
            "per_site_scaling_enabled": false,
            "reserved": true,
            "resource_group_name": "upt-arg-175",
            "sku_name": "F1",
            "tags": null,
            "timeouts": null,
            "worker_count": 1,
            "zone_balancing_enabled": false
          },
          "sensitive_attributes": [],
          "private": "eyJlMmJmYjczMC1lY2FhLTExZTYtOGY4OC0zNDM2M2JjN2M0YzAiOnsiY3JlYXRlIjozNjAwMDAwMDAwMDAwLCJkZWxldGUiOjM2MDAwMDAwMDAwMDAsInJlYWQiOjMwMDAwMDAwMDAwMCwidXBkYXRlIjozNjAwMDAwMDAwMDAwfSwic2NoZW1hX3ZlcnNpb24iOiIxIn0=",
          "dependencies": [
            "azurerm_resource_group.rg",
            "random_integer.ri"
          ]
        }
      ]
    },
    {
      "mode": "managed",
      "type": "random_integer",
      "name": "ri",
      "provider": "provider[\"registry.terraform.io/hashicorp/random\"]",
      "instances": [
        {
          "schema_version": 0,
          "attributes": {
            "id": "175",
            "keepers": null,
            "max": 999,
            "min": 100,
            "result": 175,
            "seed": null
          },
          "sensitive_attributes": []
        }
      ]
    }
  ],
  "check_results": null
}
